// !$*UTF8*$!
{
	archiveVersion = 1;
	classes = {
	};
	objectVersion = 46;
	objects = {

/* Begin PBXBuildFile section */
		9A533A631B645FA700A28B8C /* AppDelegate.swift in Sources */ = {isa = PBXBuildFile; fileRef = 9A533A621B645FA700A28B8C /* AppDelegate.swift */; };
		9A533A651B645FA700A28B8C /* ViewController.swift in Sources */ = {isa = PBXBuildFile; fileRef = 9A533A641B645FA700A28B8C /* ViewController.swift */; };
		9A533A681B645FA700A28B8C /* Main.storyboard in Resources */ = {isa = PBXBuildFile; fileRef = 9A533A661B645FA700A28B8C /* Main.storyboard */; };
		9A533A6A1B645FA700A28B8C /* Images.xcassets in Resources */ = {isa = PBXBuildFile; fileRef = 9A533A691B645FA700A28B8C /* Images.xcassets */; };
		9A533A6D1B645FA700A28B8C /* LaunchScreen.xib in Resources */ = {isa = PBXBuildFile; fileRef = 9A533A6B1B645FA700A28B8C /* LaunchScreen.xib */; };
		9A533A791B645FA700A28B8C /* TwitterProfileHeaderAnimationTests.swift in Sources */ = {isa = PBXBuildFile; fileRef = 9A533A781B645FA700A28B8C /* TwitterProfileHeaderAnimationTests.swift */; };
		9A533A841B6470D000A28B8C /* TableViewCell.swift in Sources */ = {isa = PBXBuildFile; fileRef = 9A533A821B6470D000A28B8C /* TableViewCell.swift */; };
		9A533A851B6470D000A28B8C /* TableViewCell.xib in Resources */ = {isa = PBXBuildFile; fileRef = 9A533A831B6470D000A28B8C /* TableViewCell.xib */; };
		9A533A8C1B64A07300A28B8C /* UIImageEffects.swift in Sources */ = {isa = PBXBuildFile; fileRef = 9A533A8B1B64A07300A28B8C /* UIImageEffects.swift */; };
/* End PBXBuildFile section */

/* Begin PBXContainerItemProxy section */
		9A533A731B645FA700A28B8C /* PBXContainerItemProxy */ = {
			isa = PBXContainerItemProxy;
			containerPortal = 9A533A551B645FA700A28B8C /* Project object */;
			proxyType = 1;
			remoteGlobalIDString = 9A533A5C1B645FA700A28B8C;
			remoteInfo = TwitterProfileHeaderAnimation;
		};
/* End PBXContainerItemProxy section */

/* Begin PBXFileReference section */
		9A533A5D1B645FA700A28B8C /* TwitterProfileHeaderAnimation.app */ = {isa = PBXFileReference; explicitFileType = wrapper.application; includeInIndex = 0; path = TwitterProfileHeaderAnimation.app; sourceTree = BUILT_PRODUCTS_DIR; };
		9A533A611B645FA700A28B8C /* Info.plist */ = {isa = PBXFileReference; lastKnownFileType = text.plist.xml; path = Info.plist; sourceTree = "<group>"; };
		9A533A621B645FA700A28B8C /* AppDelegate.swift */ = {isa = PBXFileReference; lastKnownFileType = sourcecode.swift; path = AppDelegate.swift; sourceTree = "<group>"; };
		9A533A641B645FA700A28B8C /* ViewController.swift */ = {isa = PBXFileReference; lastKnownFileType = sourcecode.swift; path = ViewController.swift; sourceTree = "<group>"; };
		9A533A671B645FA700A28B8C /* Base */ = {isa = PBXFileReference; lastKnownFileType = file.storyboard; name = Base; path = Base.lproj/Main.storyboard; sourceTree = "<group>"; };
		9A533A691B645FA700A28B8C /* Images.xcassets */ = {isa = PBXFileReference; lastKnownFileType = folder.assetcatalog; path = Images.xcassets; sourceTree = "<group>"; };
		9A533A6C1B645FA700A28B8C /* Base */ = {isa = PBXFileReference; lastKnownFileType = file.xib; name = Base; path = Base.lproj/LaunchScreen.xib; sourceTree = "<group>"; };
		9A533A721B645FA700A28B8C /* TwitterProfileHeaderAnimationTests.xctest */ = {isa = PBXFileReference; explicitFileType = wrapper.cfbundle; includeInIndex = 0; path = TwitterProfileHeaderAnimationTests.xctest; sourceTree = BUILT_PRODUCTS_DIR; };
		9A533A771B645FA700A28B8C /* Info.plist */ = {isa = PBXFileReference; lastKnownFileType = text.plist.xml; path = Info.plist; sourceTree = "<group>"; };
		9A533A781B645FA700A28B8C /* TwitterProfileHeaderAnimationTests.swift */ = {isa = PBXFileReference; lastKnownFileType = sourcecode.swift; path = TwitterProfileHeaderAnimationTests.swift; sourceTree = "<group>"; };
		9A533A821B6470D000A28B8C /* TableViewCell.swift */ = {isa = PBXFileReference; fileEncoding = 4; lastKnownFileType = sourcecode.swift; path = TableViewCell.swift; sourceTree = "<group>"; };
		9A533A831B6470D000A28B8C /* TableViewCell.xib */ = {isa = PBXFileReference; fileEncoding = 4; lastKnownFileType = file.xib; path = TableViewCell.xib; sourceTree = "<group>"; };
		9A533A8B1B64A07300A28B8C /* UIImageEffects.swift */ = {isa = PBXFileReference; fileEncoding = 4; lastKnownFileType = sourcecode.swift; path = UIImageEffects.swift; sourceTree = "<group>"; };
/* End PBXFileReference section */

/* Begin PBXFrameworksBuildPhase section */
		9A533A5A1B645FA700A28B8C /* Frameworks */ = {
			isa = PBXFrameworksBuildPhase;
			buildActionMask = 2147483647;
			files = (
			);
			runOnlyForDeploymentPostprocessing = 0;
		};
		9A533A6F1B645FA700A28B8C /* Frameworks */ = {
			isa = PBXFrameworksBuildPhase;
			buildActionMask = 2147483647;
			files = (
			);
			runOnlyForDeploymentPostprocessing = 0;
		};
/* End PBXFrameworksBuildPhase section */

/* Begin PBXGroup section */
		9A533A541B645FA700A28B8C = {
			isa = PBXGroup;
			children = (
				9A533A5F1B645FA700A28B8C /* TwitterProfileHeaderAnimation */,
				9A533A751B645FA700A28B8C /* TwitterProfileHeaderAnimationTests */,
				9A533A5E1B645FA700A28B8C /* Products */,
			);
			sourceTree = "<group>";
		};
		9A533A5E1B645FA700A28B8C /* Products */ = {
			isa = PBXGroup;
			children = (
				9A533A5D1B645FA700A28B8C /* TwitterProfileHeaderAnimation.app */,
				9A533A721B645FA700A28B8C /* TwitterProfileHeaderAnimationTests.xctest */,
			);
			name = Products;
			sourceTree = "<group>";
		};
		9A533A5F1B645FA700A28B8C /* TwitterProfileHeaderAnimation */ = {
			isa = PBXGroup;
			children = (
				9A533A621B645FA700A28B8C /* AppDelegate.swift */,
				9A533A641B645FA700A28B8C /* ViewController.swift */,
				9A533A861B6473FA00A28B8C /* View */,
				9A533A661B645FA700A28B8C /* Main.storyboard */,
				9A533A691B645FA700A28B8C /* Images.xcassets */,
				9A533A6B1B645FA700A28B8C /* LaunchScreen.xib */,
				9A533A8B1B64A07300A28B8C /* UIImageEffects.swift */,
				9A533A601B645FA700A28B8C /* Supporting Files */,
			);
			path = TwitterProfileHeaderAnimation;
			sourceTree = "<group>";
		};
		9A533A601B645FA700A28B8C /* Supporting Files */ = {
			isa = PBXGroup;
			children = (
				9A533A611B645FA700A28B8C /* Info.plist */,
			);
			name = "Supporting Files";
			sourceTree = "<group>";
		};
		9A533A751B645FA700A28B8C /* TwitterProfileHeaderAnimationTests */ = {
			isa = PBXGroup;
			children = (
				9A533A781B645FA700A28B8C /* TwitterProfileHeaderAnimationTests.swift */,
				9A533A761B645FA700A28B8C /* Supporting Files */,
			);
			path = TwitterProfileHeaderAnimationTests;
			sourceTree = "<group>";
		};
		9A533A761B645FA700A28B8C /* Supporting Files */ = {
			isa = PBXGroup;
			children = (
				9A533A771B645FA700A28B8C /* Info.plist */,
			);
			name = "Supporting Files";
			sourceTree = "<group>";
		};
		9A533A861B6473FA00A28B8C /* View */ = {
			isa = PBXGroup;
			children = (
				9A533A821B6470D000A28B8C /* TableViewCell.swift */,
				9A533A831B6470D000A28B8C /* TableViewCell.xib */,
			);
			name = View;
			sourceTree = "<group>";
		};
/* End PBXGroup section */

/* Begin PBXNativeTarget section */
		9A533A5C1B645FA700A28B8C /* TwitterProfileHeaderAnimation */ = {
			isa = PBXNativeTarget;
			buildConfigurationList = 9A533A7C1B645FA700A28B8C /* Build configuration list for PBXNativeTarget "TwitterProfileHeaderAnimation" */;
			buildPhases = (
				9A533A591B645FA700A28B8C /* Sources */,
				9A533A5A1B645FA700A28B8C /* Frameworks */,
				9A533A5B1B645FA700A28B8C /* Resources */,
			);
			buildRules = (
			);
			dependencies = (
			);
			name = TwitterProfileHeaderAnimation;
			productName = TwitterProfileHeaderAnimation;
			productReference = 9A533A5D1B645FA700A28B8C /* TwitterProfileHeaderAnimation.app */;
			productType = "com.apple.product-type.application";
		};
		9A533A711B645FA700A28B8C /* TwitterProfileHeaderAnimationTests */ = {
			isa = PBXNativeTarget;
			buildConfigurationList = 9A533A7F1B645FA700A28B8C /* Build configuration list for PBXNativeTarget "TwitterProfileHeaderAnimationTests" */;
			buildPhases = (
				9A533A6E1B645FA700A28B8C /* Sources */,
				9A533A6F1B645FA700A28B8C /* Frameworks */,
				9A533A701B645FA700A28B8C /* Resources */,
			);
			buildRules = (
			);
			dependencies = (
				9A533A741B645FA700A28B8C /* PBXTargetDependency */,
			);
			name = TwitterProfileHeaderAnimationTests;
			productName = TwitterProfileHeaderAnimationTests;
			productReference = 9A533A721B645FA700A28B8C /* TwitterProfileHeaderAnimationTests.xctest */;
			productType = "com.apple.product-type.bundle.unit-test";
		};
/* End PBXNativeTarget section */

/* Begin PBXProject section */
		9A533A551B645FA700A28B8C /* Project object */ = {
			isa = PBXProject;
			attributes = {
				LastUpgradeCheck = 0640;
				ORGANIZATIONNAME = naoyashiga;
				TargetAttributes = {
					9A533A5C1B645FA700A28B8C = {
						CreatedOnToolsVersion = 6.4;
					};
					9A533A711B645FA700A28B8C = {
						CreatedOnToolsVersion = 6.4;
						TestTargetID = 9A533A5C1B645FA700A28B8C;
					};
				};
			};
			buildConfigurationList = 9A533A581B645FA700A28B8C /* Build configuration list for PBXProject "TwitterProfileHeaderAnimation" */;
			compatibilityVersion = "Xcode 3.2";
			developmentRegion = English;
			hasScannedForEncodings = 0;
			knownRegions = (
				en,
				Base,
			);
			mainGroup = 9A533A541B645FA700A28B8C;
			productRefGroup = 9A533A5E1B645FA700A28B8C /* Products */;
			projectDirPath = "";
			projectRoot = "";
			targets = (
				9A533A5C1B645FA700A28B8C /* TwitterProfileHeaderAnimation */,
				9A533A711B645FA700A28B8C /* TwitterProfileHeaderAnimationTests */,
			);
		};
/* End PBXProject section */

/* Begin PBXResourcesBuildPhase section */
		9A533A5B1B645FA700A28B8C /* Resources */ = {
			isa = PBXResourcesBuildPhase;
			buildActionMask = 2147483647;
			files = (
				9A533A681B645FA700A28B8C /* Main.storyboard in Resources */,
				9A533A851B6470D000A28B8C /* TableViewCell.xib in Resources */,
				9A533A6D1B645FA700A28B8C /* LaunchScreen.xib in Resources */,
				9A533A6A1B645FA700A28B8C /* Images.xcassets in Resources */,
			);
			runOnlyForDeploymentPostprocessing = 0;
		};
		9A533A701B645FA700A28B8C /* Resources */ = {
			isa = PBXResourcesBuildPhase;
			buildActionMask = 2147483647;
			files = (
			);
			runOnlyForDeploymentPostprocessing = 0;
		};
/* End PBXResourcesBuildPhase section */

/* Begin PBXSourcesBuildPhase section */
		9A533A591B645FA700A28B8C /* Sources */ = {
			isa = PBXSourcesBuildPhase;
			buildActionMask = 2147483647;
			files = (
				9A533A8C1B64A07300A28B8C /* UIImageEffects.swift in Sources */,
				9A533A841B6470D000A28B8C /* TableViewCell.swift in Sources */,
				9A533A651B645FA700A28B8C /* ViewController.swift in Sources */,
				9A533A631B645FA700A28B8C /* AppDelegate.swift in Sources */,
			);
			runOnlyForDeploymentPostprocessing = 0;
		};
		9A533A6E1B645FA700A28B8C /* Sources */ = {
			isa = PBXSourcesBuildPhase;
			buildActionMask = 2147483647;
			files = (
				9A533A791B645FA700A28B8C /* TwitterProfileHeaderAnimationTests.swift in Sources */,
			);
			runOnlyForDeploymentPostprocessing = 0;
		};
/* End PBXSourcesBuildPhase section */

/* Begin PBXTargetDependency section */
		9A533A741B645FA700A28B8C /* PBXTargetDependency */ = {
			isa = PBXTargetDependency;
			target = 9A533A5C1B645FA700A28B8C /* TwitterProfileHeaderAnimation */;
			targetProxy = 9A533A731B645FA700A28B8C /* PBXContainerItemProxy */;
		};
/* End PBXTargetDependency section */

/* Begin PBXVariantGroup section */
		9A533A661B645FA700A28B8C /* Main.storyboard */ = {
			isa = PBXVariantGroup;
			children = (
				9A533A671B645FA700A28B8C /* Base */,
			);
			name = Main.storyboard;
			sourceTree = "<group>";
		};
		9A533A6B1B645FA700A28B8C /* LaunchScreen.xib */ = {
			isa = PBXVariantGroup;
			children = (
				9A533A6C1B645FA700A28B8C /* Base */,
			);
			name = LaunchScreen.xib;
			sourceTree = "<group>";
		};
/* End PBXVariantGroup section */

/* Begin XCBuildConfiguration section */
		9A533A7A1B645FA700A28B8C /* Debug */ = {
			isa = XCBuildConfiguration;
			buildSettings = {
				ALWAYS_SEARCH_USER_PATHS = NO;
				CLANG_CXX_LANGUAGE_STANDARD = "gnu++0x";
				CLANG_CXX_LIBRARY = "libc++";
				CLANG_ENABLE_MODULES = YES;
				CLANG_ENABLE_OBJC_ARC = YES;
				CLANG_WARN_BOOL_CONVERSION = YES;
				CLANG_WARN_CONSTANT_CONVERSION = YES;
				CLANG_WARN_DIRECT_OBJC_ISA_USAGE = YES_ERROR;
				CLANG_WARN_EMPTY_BODY = YES;
				CLANG_WARN_ENUM_CONVERSION = YES;
				CLANG_WARN_INT_CONVERSION = YES;
				CLANG_WARN_OBJC_ROOT_CLASS = YES_ERROR;
				CLANG_WARN_UNREACHABLE_CODE = YES;
				CLANG_WARN__DUPLICATE_METHOD_MATCH = YES;
				"CODE_SIGN_IDENTITY[sdk=iphoneos*]" = "iPhone Developer";
				COPY_PHASE_STRIP = NO;
				DEBUG_INFORMATION_FORMAT = "dwarf-with-dsym";
				ENABLE_STRICT_OBJC_MSGSEND = YES;
				GCC_C_LANGUAGE_STANDARD = gnu99;
				GCC_DYNAMIC_NO_PIC = NO;
				GCC_NO_COMMON_BLOCKS = YES;
				GCC_OPTIMIZATION_LEVEL = 0;
				GCC_PREPROCESSOR_DEFINITIONS = (
					"DEBUG=1",
					"$(inherited)",
				);
				GCC_SYMBOLS_PRIVATE_EXTERN = NO;
				GCC_WARN_64_TO_32_BIT_CONVERSION = YES;
				GCC_WARN_ABOUT_RETURN_TYPE = YES_ERROR;
				GCC_WARN_UNDECLARED_SELECTOR = YES;
				GCC_WARN_UNINITIALIZED_AUTOS = YES_AGGRESSIVE;
				GCC_WARN_UNUSED_FUNCTION = YES;
				GCC_WARN_UNUSED_VARIABLE = YES;
				IPHONEOS_DEPLOYMENT_TARGET = 8.4;
				MTL_ENABLE_DEBUG_INFO = YES;
				ONLY_ACTIVE_ARCH = YES;
				SDKROOT = iphoneos;
				SWIFT_OPTIMIZATION_LEVEL = "-Onone";
			};
			name = Debug;
		};
		9A533A7B1B645FA700A28B8C /* Release */ = {
			isa = XCBuildConfiguration;
			buildSettings = {
				ALWAYS_SEARCH_USER_PATHS = NO;
				CLANG_CXX_LANGUAGE_STANDARD = "gnu++0x";
				CLANG_CXX_LIBRARY = "libc++";
				CLANG_ENABLE_MODULES = YES;
				CLANG_ENABLE_OBJC_ARC = YES;
				CLANG_WARN_BOOL_CONVERSION = YES;
				CLANG_WARN_CONSTANT_CONVERSION = YES;
				CLANG_WARN_DIRECT_OBJC_ISA_USAGE = YES_ERROR;
				CLANG_WARN_EMPTY_BODY = YES;
				CLANG_WARN_ENUM_CONVERSION = YES;
				CLANG_WARN_INT_CONVERSION = YES;
				CLANG_WARN_OBJC_ROOT_CLASS = YES_ERROR;
				CLANG_WARN_UNREACHABLE_CODE = YES;
				CLANG_WARN__DUPLICATE_METHOD_MATCH = YES;
				"CODE_SIGN_IDENTITY[sdk=iphoneos*]" = "iPhone Developer";
				COPY_PHASE_STRIP = NO;
				DEBUG_INFORMATION_FORMAT = "dwarf-with-dsym";
				ENABLE_NS_ASSERTIONS = NO;
				ENABLE_STRICT_OBJC_MSGSEND = YES;
				GCC_C_LANGUAGE_STANDARD = gnu99;
				GCC_NO_COMMON_BLOCKS = YES;
				GCC_WARN_64_TO_32_BIT_CONVERSION = YES;
				GCC_WARN_ABOUT_RETURN_TYPE = YES_ERROR;
				GCC_WARN_UNDECLARED_SELECTOR = YES;
				GCC_WARN_UNINITIALIZED_AUTOS = YES_AGGRESSIVE;
				GCC_WARN_UNUSED_FUNCTION = YES;
				GCC_WARN_UNUSED_VARIABLE = YES;
				IPHONEOS_DEPLOYMENT_TARGET = 8.4;
				MTL_ENABLE_DEBUG_INFO = NO;
				SDKROOT = iphoneos;
				VALIDATE_PRODUCT = YES;
			};
			name = Release;
		};
		9A533A7D1B645FA700A28B8C /* Debug */ = {
			isa = XCBuildConfiguration;
			buildSettings = {
				ASSETCATALOG_COMPILER_APPICON_NAME = AppIcon;
				CLANG_ENABLE_MODULES = YES;
				INFOPLIST_FILE = TwitterProfileHeaderAnimation/Info.plist;
				LD_RUNPATH_SEARCH_PATHS = "$(inherited) @executable_path/Frameworks";
				PRODUCT_NAME = "$(TARGET_NAME)";
				SWIFT_OBJC_BRIDGING_HEADER = "";
				SWIFT_OPTIMIZATION_LEVEL = "-Onone";
			};
			name = Debug;
		};
		9A533A7E1B645FA700A28B8C /* Release */ = {
			isa = XCBuildConfiguration;
			buildSettings = {
				ASSETCATALOG_COMPILER_APPICON_NAME = AppIcon;
				CLANG_ENABLE_MODULES = YES;
				INFOPLIST_FILE = TwitterProfileHeaderAnimation/Info.plist;
				LD_RUNPATH_SEARCH_PATHS = "$(inherited) @executable_path/Frameworks";
				PRODUCT_NAME = "$(TARGET_NAME)";
				SWIFT_OBJC_BRIDGING_HEADER = "";
			};
			name = Release;
		};
		9A533A801B645FA700A28B8C /* Debug */ = {
			isa = XCBuildConfiguration;
			buildSettings = {
				BUNDLE_LOADER = "$(TEST_HOST)";
				FRAMEWORK_SEARCH_PATHS = (
					"$(SDKROOT)/Developer/Library/Frameworks",
					"$(inherited)",
				);
				GCC_PREPROCESSOR_DEFINITIONS = (
					"DEBUG=1",
					"$(inherited)",
				);
				INFOPLIST_FILE = TwitterProfileHeaderAnimationTests/Info.plist;
				LD_RUNPATH_SEARCH_PATHS = "$(inherited) @executable_path/Frameworks @loader_path/Frameworks";
				PRODUCT_NAME = "$(TARGET_NAME)";
				TEST_HOST = "$(BUILT_PRODUCTS_DIR)/TwitterProfileHeaderAnimation.app/TwitterProfileHeaderAnimation";
			};
			name = Debug;
		};
		9A533A811B645FA700A28B8C /* Release */ = {
			isa = XCBuildConfiguration;
			buildSettings = {
				BUNDLE_LOADER = "$(TEST_HOST)";
				FRAMEWORK_SEARCH_PATHS = (
					"$(SDKROOT)/Developer/Library/Frameworks",
					"$(inherited)",
				);
				INFOPLIST_FILE = TwitterProfileHeaderAnimationTests/Info.plist;
				LD_RUNPATH_SEARCH_PATHS = "$(inherited) @executable_path/Frameworks @loader_path/Frameworks";
				PRODUCT_NAME = "$(TARGET_NAME)";
				TEST_HOST = "$(BUILT_PRODUCTS_DIR)/TwitterProfileHeaderAnimation.app/TwitterProfileHeaderAnimation";
			};
			name = Release;
		};
/* End XCBuildConfiguration section */

/* Begin XCConfigurationList section */
		9A533A581B645FA700A28B8C /* Build configuration list for PBXProject "TwitterProfileHeaderAnimation" */ = {
			isa = XCConfigurationList;
			buildConfigurations = (
				9A533A7A1B645FA700A28B8C /* Debug */,
				9A533A7B1B645FA700A28B8C /* Release */,
			);
			defaultConfigurationIsVisible = 0;
			defaultConfigurationName = Release;
		};
		9A533A7C1B645FA700A28B8C /* Build configuration list for PBXNativeTarget "TwitterProfileHeaderAnimation" */ = {
			isa = XCConfigurationList;
			buildConfigurations = (
				9A533A7D1B645FA700A28B8C /* Debug */,
				9A533A7E1B645FA700A28B8C /* Release */,
			);
			defaultConfigurationIsVisible = 0;
		};
		9A533A7F1B645FA700A28B8C /* Build configuration list for PBXNativeTarget "TwitterProfileHeaderAnimationTests" */ = {
			isa = XCConfigurationList;
			buildConfigurations = (
				9A533A801B645FA700A28B8C /* Debug */,
				9A533A811B645FA700A28B8C /* Release */,
			);
			defaultConfigurationIsVisible = 0;
		};
/* End XCConfigurationList section */
	};
	rootObject = 9A533A551B645FA700A28B8C /* Project object */;
}
